<Solution>
  <Folder Name="/Core/">
    <Project Path="Core/GameAssistant.Core.csproj" />
  </Folder>
  <Folder Name="/Infrastructure/">
    <Project Path="Infrastructure/GameAssistant.Infrastructure.csproj" />
  </Folder>
  <Folder Name="/Presentation/" />
  <Folder Name="/Presentation/WebApi/">
    <Project Path="Presentation/WebApi/GameAssistant.WebApi.csproj" />
  </Folder>
  <Folder Name="/Presentation/WpfClient/">
    <Project Path="Presentation/WpfClient/GameAssistant.WpfClient.csproj" />
  </Folder>
  <Folder Name="/test/">
    <Project Path="OnnxTest/OnnxTest.csproj" Id="9e0f0a90-7c2e-48f3-8acf-3198bc5b78fb" />
  </Folder>
  <Folder Name="/Background/">
    <Project Path="Background/GameAssistant.Worker.csproj" />
  </Folder>
</Solution>
